
Microsoft Visual Studio Solution File, Format Version 12.00
# Visual Studio 15
VisualStudioVersion = 15.0.27130.2010
MinimumVisualStudioVersion = 10.0.40219.1
Project("{FAE04EC0-301F-11D3-BF4B-00C04F79EFBC}") = "NflMascots", "NflMascots\NflMascots.csproj", "{4145CBEB-58B4-4653-B04F-42461C330E83}"
EndProject
Global
	GlobalSection(SolutionConfigurationPlatforms) = preSolution
		Debug|Any CPU = Debug|Any CPU
		Release|Any CPU = Release|Any CPU
	EndGlobalSection
	GlobalSection(ProjectConfigurationPlatforms) = postSolution
		{4145CBEB-58B4-4653-B04F-42461C330E83}.Debug|Any CPU.ActiveCfg = Debug|Any CPU
		{4145CBEB-58B4-4653-B04F-42461C330E83}.Debug|Any CPU.Build.0 = Debug|Any CPU
		{4145CBEB-58B4-4653-B04F-42461C330E83}.Release|Any CPU.ActiveCfg = Release|Any CPU
		{4145CBEB-58B4-4653-B04F-42461C330E83}.Release|Any CPU.Build.0 = Release|Any CPU
	EndGlobalSection
	GlobalSection(SolutionProperties) = preSolution
		HideSolutionNode = FALSE
	EndGlobalSection
	GlobalSection(ExtensibilityGlobals) = postSolution
		SolutionGuid = {37C7B191-D30A-4418-B0E0-B1196696787B}
	EndGlobalSection
EndGlobal
